
Microsoft Visual Studio Solution File, Format Version 12.00
# Visual Studio Version 17
VisualStudioVersion = 17.10.35004.147
MinimumVisualStudioVersion = 10.0.40219.1
Project("{FAE04EC0-301F-11D3-BF4B-00C04F79EFBC}") = "PokemonReviewApp", "PokemonReviewApp\PokemonReviewApp.csproj", "{D3DA1778-92D0-4C0D-9E5D-05FDFFC15A51}"
EndProject
Global
	GlobalSection(SolutionConfigurationPlatforms) = preSolution
		Debug|Any CPU = Debug|Any CPU
		Release|Any CPU = Release|Any CPU
	EndGlobalSection
	GlobalSection(ProjectConfigurationPlatforms) = postSolution
		{D3DA1778-92D0-4C0D-9E5D-05FDFFC15A51}.Debug|Any CPU.ActiveCfg = Debug|Any CPU
		{D3DA1778-92D0-4C0D-9E5D-05FDFFC15A51}.Debug|Any CPU.Build.0 = Debug|Any CPU
		{D3DA1778-92D0-4C0D-9E5D-05FDFFC15A51}.Release|Any CPU.ActiveCfg = Release|Any CPU
		{D3DA1778-92D0-4C0D-9E5D-05FDFFC15A51}.Release|Any CPU.Build.0 = Release|Any CPU
	EndGlobalSection
	GlobalSection(SolutionProperties) = preSolution
		HideSolutionNode = FALSE
	EndGlobalSection
	GlobalSection(ExtensibilityGlobals) = postSolution
		SolutionGuid = {D2AA547E-183E-477D-AC5C-939452FA8183}
	EndGlobalSection
EndGlobal
